
Microsoft Visual Studio Solution File, Format Version 12.00
# Visual Studio 15
VisualStudioVersion = 15.0.28010.2036
MinimumVisualStudioVersion = 10.0.40219.1
Project("{FAE04EC0-301F-11D3-BF4B-00C04F79EFBC}") = "convetHEx", "convetHEx\convetHEx.csproj", "{EC436FC5-04D0-4777-9FB7-D59FC6E1775A}"
EndProject
Global
	GlobalSection(SolutionConfigurationPlatforms) = preSolution
		Debug|Any CPU = Debug|Any CPU
		Release|Any CPU = Release|Any CPU
	EndGlobalSection
	GlobalSection(ProjectConfigurationPlatforms) = postSolution
		{EC436FC5-04D0-4777-9FB7-D59FC6E1775A}.Debug|Any CPU.ActiveCfg = Debug|Any CPU
		{EC436FC5-04D0-4777-9FB7-D59FC6E1775A}.Debug|Any CPU.Build.0 = Debug|Any CPU
		{EC436FC5-04D0-4777-9FB7-D59FC6E1775A}.Release|Any CPU.ActiveCfg = Release|Any CPU
		{EC436FC5-04D0-4777-9FB7-D59FC6E1775A}.Release|Any CPU.Build.0 = Release|Any CPU
	EndGlobalSection
	GlobalSection(SolutionProperties) = preSolution
		HideSolutionNode = FALSE
	EndGlobalSection
	GlobalSection(ExtensibilityGlobals) = postSolution
		SolutionGuid = {C9A65E50-E858-46D5-9828-34E9D6B3777C}
	EndGlobalSection
EndGlobal
